PODS:
  - Nimble (8.1.1)
  - Quick (2.2.1)

DEPENDENCIES:
  - Nimble (~> 8.0)
  - Quick (~> 2.0)

SPEC REPOS:
  trunk:
    - Nimble
    - Quick

SPEC CHECKSUMS:
  Nimble: 5f8a2fb6fa343a7242dfdd9d42f7267419d464b2
  Quick: f5754d69b7013f5864c29aab9ae6f0c79c5bc200

PODFILE CHECKSUM: e596d62ce90de478094f542efd86bc8965482a19

COCOAPODS: 1.8.4
